
Microsoft Visual Studio Solution File, Format Version 12.00
# Visual Studio Version 17
VisualStudioVersion = 17.11.35222.181
MinimumVisualStudioVersion = 10.0.40219.1
Project("{8BC9CEB8-8B4A-11D0-8D11-00A0C91BC942}") = "ServerLibrary", "ServerLibrary.vcxproj", "{6E110469-40CF-47F8-B4C3-DF093D50164C}"
EndProject
Project("{8BC9CEB8-8B4A-11D0-8D11-00A0C91BC942}") = "LoginServer", "..\LoginServer\LoginServer.vcxproj", "{1515F39A-0956-4F01-A163-2960DC0B49F3}"
EndProject
Project("{8BC9CEB8-8B4A-11D0-8D11-00A0C91BC942}") = "DBAgent", "..\DBAgent\DBAgent.vcxproj", "{E88085C2-D120-4E12-AA30-C848FF4B36AB}"
EndProject
Project("{8BC9CEB8-8B4A-11D0-8D11-00A0C91BC942}") = "ChattingServer", "..\ChattingServer\ChattingServer.vcxproj", "{D9687045-9147-4B36-816E-71C68E01C7EB}"
EndProject
Global
	GlobalSection(SolutionConfigurationPlatforms) = preSolution
		Debug|x64 = Debug|x64
		Debug|x86 = Debug|x86
		Release|x64 = Release|x64
		Release|x86 = Release|x86
	EndGlobalSection
	GlobalSection(ProjectConfigurationPlatforms) = postSolution
		{6E110469-40CF-47F8-B4C3-DF093D50164C}.Debug|x64.ActiveCfg = Debug|x64
		{6E110469-40CF-47F8-B4C3-DF093D50164C}.Debug|x64.Build.0 = Debug|x64
		{6E110469-40CF-47F8-B4C3-DF093D50164C}.Debug|x86.ActiveCfg = Debug|Win32
		{6E110469-40CF-47F8-B4C3-DF093D50164C}.Debug|x86.Build.0 = Debug|Win32
		{6E110469-40CF-47F8-B4C3-DF093D50164C}.Release|x64.ActiveCfg = Release|x64
		{6E110469-40CF-47F8-B4C3-DF093D50164C}.Release|x64.Build.0 = Release|x64
		{6E110469-40CF-47F8-B4C3-DF093D50164C}.Release|x86.ActiveCfg = Release|Win32
		{6E110469-40CF-47F8-B4C3-DF093D50164C}.Release|x86.Build.0 = Release|Win32
		{1515F39A-0956-4F01-A163-2960DC0B49F3}.Debug|x64.ActiveCfg = Debug|x64
		{1515F39A-0956-4F01-A163-2960DC0B49F3}.Debug|x64.Build.0 = Debug|x64
		{1515F39A-0956-4F01-A163-2960DC0B49F3}.Debug|x86.ActiveCfg = Debug|Win32
		{1515F39A-0956-4F01-A163-2960DC0B49F3}.Debug|x86.Build.0 = Debug|Win32
		{1515F39A-0956-4F01-A163-2960DC0B49F3}.Release|x64.ActiveCfg = Release|x64
		{1515F39A-0956-4F01-A163-2960DC0B49F3}.Release|x64.Build.0 = Release|x64
		{1515F39A-0956-4F01-A163-2960DC0B49F3}.Release|x86.ActiveCfg = Release|Win32
		{1515F39A-0956-4F01-A163-2960DC0B49F3}.Release|x86.Build.0 = Release|Win32
		{E88085C2-D120-4E12-AA30-C848FF4B36AB}.Debug|x64.ActiveCfg = Debug|x64
		{E88085C2-D120-4E12-AA30-C848FF4B36AB}.Debug|x64.Build.0 = Debug|x64
		{E88085C2-D120-4E12-AA30-C848FF4B36AB}.Debug|x86.ActiveCfg = Debug|Win32
		{E88085C2-D120-4E12-AA30-C848FF4B36AB}.Debug|x86.Build.0 = Debug|Win32
		{E88085C2-D120-4E12-AA30-C848FF4B36AB}.Release|x64.ActiveCfg = Release|x64
		{E88085C2-D120-4E12-AA30-C848FF4B36AB}.Release|x64.Build.0 = Release|x64
		{E88085C2-D120-4E12-AA30-C848FF4B36AB}.Release|x86.ActiveCfg = Release|Win32
		{E88085C2-D120-4E12-AA30-C848FF4B36AB}.Release|x86.Build.0 = Release|Win32
		{D9687045-9147-4B36-816E-71C68E01C7EB}.Debug|x64.ActiveCfg = Debug|x64
		{D9687045-9147-4B36-816E-71C68E01C7EB}.Debug|x64.Build.0 = Debug|x64
		{D9687045-9147-4B36-816E-71C68E01C7EB}.Debug|x86.ActiveCfg = Debug|Win32
		{D9687045-9147-4B36-816E-71C68E01C7EB}.Debug|x86.Build.0 = Debug|Win32
		{D9687045-9147-4B36-816E-71C68E01C7EB}.Release|x64.ActiveCfg = Release|x64
		{D9687045-9147-4B36-816E-71C68E01C7EB}.Release|x64.Build.0 = Release|x64
		{D9687045-9147-4B36-816E-71C68E01C7EB}.Release|x86.ActiveCfg = Release|Win32
		{D9687045-9147-4B36-816E-71C68E01C7EB}.Release|x86.Build.0 = Release|Win32
	EndGlobalSection
	GlobalSection(SolutionProperties) = preSolution
		HideSolutionNode = FALSE
	EndGlobalSection
	GlobalSection(ExtensibilityGlobals) = postSolution
		SolutionGuid = {68FD8A8A-17B1-458F-814C-80BD210254A1}
	EndGlobalSection
EndGlobal
