<?xml version="1.0" encoding="utf-8"?>
<Project ToolsVersion="4.0" xmlns="http://schemas.microsoft.com/developer/msbuild/2003">
  <ItemGroup>
    <Filter Include="소스 파일">
      <UniqueIdentifier>{4FC737F1-C7A5-4376-A066-2A32D752A2FF}</UniqueIdentifier>
      <Extensions>cpp;c;cc;cxx;c++;cppm;ixx;def;odl;idl;hpj;bat;asm;asmx</Extensions>
    </Filter>
    <Filter Include="헤더 파일">
      <UniqueIdentifier>{93995380-89BD-4b04-88EB-625FBE52EBFB}</UniqueIdentifier>
      <Extensions>h;hh;hpp;hxx;h++;hm;inl;inc;ipp;xsd</Extensions>
    </Filter>
    <Filter Include="리소스 파일">
      <UniqueIdentifier>{67DA6AB6-F800-4c08-8B7A-83BB121AAD01}</UniqueIdentifier>
      <Extensions>rc;ico;cur;bmp;dlg;rc2;rct;bin;rgs;gif;jpg;jpeg;jpe;resx;tiff;tif;png;wav;mfcribbon-ms</Extensions>
    </Filter>
  </ItemGroup>
  <ItemGroup>
    <ClCompile Include="ServerLibrary.cpp">
      <Filter>소스 파일</Filter>
    </ClCompile>
    <ClCompile Include="pch.cpp">
      <Filter>소스 파일</Filter>
    </ClCompile>
    <ClCompile Include="Util\Clock.cpp">
      <Filter>소스 파일</Filter>
    </ClCompile>
    <ClCompile Include="Util\Config.cpp">
      <Filter>소스 파일</Filter>
    </ClCompile>
    <ClCompile Include="Util\Lock.cpp">
      <Filter>소스 파일</Filter>
    </ClCompile>
    <ClCompile Include="Util\Thread.cpp">
      <Filter>소스 파일</Filter>
    </ClCompile>
    <ClCompile Include="Util\Logger.cpp">
      <Filter>소스 파일</Filter>
    </ClCompile>
    <ClCompile Include="Util\tinyXml\tinyxml.cpp">
      <Filter>소스 파일</Filter>
    </ClCompile>
    <ClCompile Include="Util\tinyXml\tinyxmlerror.cpp">
      <Filter>소스 파일</Filter>
    </ClCompile>
    <ClCompile Include="Util\tinyXml\tinyxmlparser.cpp">
      <Filter>소스 파일</Filter>
    </ClCompile>
    <ClCompile Include="Util\tinyXml\tinystr.cpp">
      <Filter>소스 파일</Filter>
    </ClCompile>
    <ClCompile Include="Util\Assert.cpp">
      <Filter>소스 파일</Filter>
    </ClCompile>
    <ClCompile Include="Util\Minidump.cpp">
      <Filter>소스 파일</Filter>
    </ClCompile>
    <ClCompile Include="Util\SMTPMail.cpp">
      <Filter>소스 파일</Filter>
    </ClCompile>
    <ClCompile Include="Util\csv_parser\csv_parser.cpp">
      <Filter>소스 파일</Filter>
    </ClCompile>
    <ClCompile Include="Util\Task.cpp">
      <Filter>소스 파일</Filter>
    </ClCompile>
    <ClCompile Include="Shutdown.cpp">
      <Filter>소스 파일</Filter>
    </ClCompile>
    <ClCompile Include="Net\Server.cpp">
      <Filter>소스 파일</Filter>
    </ClCompile>
    <ClCompile Include="Net\IOCP\IOCPServer.cpp">
      <Filter>소스 파일</Filter>
    </ClCompile>
    <ClCompile Include="Net\Session.cpp">
      <Filter>소스 파일</Filter>
    </ClCompile>
    <ClCompile Include="Net\IOCP\IOCPSession.cpp">
      <Filter>소스 파일</Filter>
    </ClCompile>
    <ClCompile Include="Net\SessionManager.cpp">
      <Filter>소스 파일</Filter>
    </ClCompile>
    <ClCompile Include="Net\SessionMonitor.cpp">
      <Filter>소스 파일</Filter>
    </ClCompile>
    <ClCompile Include="Net\Terminal\TerminalSession.cpp">
      <Filter>소스 파일</Filter>
    </ClCompile>
    <ClCompile Include="Net\Terminal\Terminal.cpp">
      <Filter>소스 파일</Filter>
    </ClCompile>
    <ClCompile Include="Net\Terminal\TerminlaManager.cpp">
      <Filter>소스 파일</Filter>
    </ClCompile>
    <ClCompile Include="Net\Packet\Stream.cpp">
      <Filter>소스 파일</Filter>
    </ClCompile>
    <ClCompile Include="TaskTest.cpp">
      <Filter>소스 파일</Filter>
    </ClCompile>
    <ClCompile Include="Net\Packet\PacketAnalyzer.cpp">
      <Filter>소스 파일</Filter>
    </ClCompile>
    <ClCompile Include="Contents\ContentsProcess.cpp">
      <Filter>소스 파일</Filter>
    </ClCompile>
    <ClCompile Include="Database\QueryStatement.cpp">
      <Filter>소스 파일</Filter>
    </ClCompile>
    <ClCompile Include="Database\QueryRecord.cpp">
      <Filter>소스 파일</Filter>
    </ClCompile>
    <ClCompile Include="Database\Query.cpp">
      <Filter>소스 파일</Filter>
    </ClCompile>
  </ItemGroup>
  <ItemGroup>
    <ClInclude Include="pch.h">
      <Filter>헤더 파일</Filter>
    </ClInclude>
    <ClInclude Include="targetver.h">
      <Filter>헤더 파일</Filter>
    </ClInclude>
    <ClInclude Include="Util\Clock.h">
      <Filter>헤더 파일</Filter>
    </ClInclude>
    <ClInclude Include="Util\RandomMt.h">
      <Filter>헤더 파일</Filter>
    </ClInclude>
    <ClInclude Include="Util\Singleton.h">
      <Filter>헤더 파일</Filter>
    </ClInclude>
    <ClInclude Include="Util\Type.h">
      <Filter>헤더 파일</Filter>
    </ClInclude>
    <ClInclude Include="Util\Util.h">
      <Filter>헤더 파일</Filter>
    </ClInclude>
    <ClInclude Include="ServerLibrary.h">
      <Filter>헤더 파일</Filter>
    </ClInclude>
    <ClInclude Include="tinyXml\tinystr.h">
      <Filter>헤더 파일</Filter>
    </ClInclude>
    <ClInclude Include="Util\Config.h">
      <Filter>헤더 파일</Filter>
    </ClInclude>
    <ClInclude Include="Util\Lock.h">
      <Filter>헤더 파일</Filter>
    </ClInclude>
    <ClInclude Include="Util\Thread.h">
      <Filter>헤더 파일</Filter>
    </ClInclude>
    <ClInclude Include="Util\Logger.h">
      <Filter>헤더 파일</Filter>
    </ClInclude>
    <ClInclude Include="Util\tinyXml\tinystr.h">
      <Filter>헤더 파일</Filter>
    </ClInclude>
    <ClInclude Include="Util\tinyXml\tinyxml.h">
      <Filter>헤더 파일</Filter>
    </ClInclude>
    <ClInclude Include="Util\Assert.h">
      <Filter>헤더 파일</Filter>
    </ClInclude>
    <ClInclude Include="Util\Minidump.h">
      <Filter>헤더 파일</Filter>
    </ClInclude>
    <ClInclude Include="Util\SMTPMail.h">
      <Filter>헤더 파일</Filter>
    </ClInclude>
    <ClInclude Include="Util\ThreadJobQueue.h">
      <Filter>헤더 파일</Filter>
    </ClInclude>
    <ClInclude Include="Util\Table.h">
      <Filter>헤더 파일</Filter>
    </ClInclude>
    <ClInclude Include="Util\MemoryLeak.h">
      <Filter>헤더 파일</Filter>
    </ClInclude>
    <ClInclude Include="Util\Memory_LowFragmentationHeap.h">
      <Filter>헤더 파일</Filter>
    </ClInclude>
    <ClInclude Include="Util\csv_parser\csv_parser.hpp">
      <Filter>헤더 파일</Filter>
    </ClInclude>
    <ClInclude Include="Util\GameObject.h">
      <Filter>헤더 파일</Filter>
    </ClInclude>
    <ClInclude Include="Util\Task.h">
      <Filter>헤더 파일</Filter>
    </ClInclude>
    <ClInclude Include="Util\Monitoring.h">
      <Filter>헤더 파일</Filter>
    </ClInclude>
    <ClInclude Include="Shutdown.h">
      <Filter>헤더 파일</Filter>
    </ClInclude>
    <ClInclude Include="Net\Server.h">
      <Filter>헤더 파일</Filter>
    </ClInclude>
    <ClInclude Include="Net\IOCP\IOCPServer.h">
      <Filter>헤더 파일</Filter>
    </ClInclude>
    <ClInclude Include="Net\Session.h">
      <Filter>헤더 파일</Filter>
    </ClInclude>
    <ClInclude Include="Net\IOCP\IOCPSession.h">
      <Filter>헤더 파일</Filter>
    </ClInclude>
    <ClInclude Include="Net\SessionManager.h">
      <Filter>헤더 파일</Filter>
    </ClInclude>
    <ClInclude Include="Net\SessionMonitor.h">
      <Filter>헤더 파일</Filter>
    </ClInclude>
    <ClInclude Include="Net\Terminal\Terminal.h">
      <Filter>헤더 파일</Filter>
    </ClInclude>
    <ClInclude Include="Net\Terminal\TerminalSession.h">
      <Filter>헤더 파일</Filter>
    </ClInclude>
    <ClInclude Include="Net\Terminal\TerminalManager.h">
      <Filter>헤더 파일</Filter>
    </ClInclude>
    <ClInclude Include="Net\Packet\Stream.h">
      <Filter>헤더 파일</Filter>
    </ClInclude>
    <ClInclude Include="Net\Packet\PacketHeader.h">
      <Filter>헤더 파일</Filter>
    </ClInclude>
    <ClInclude Include="Net\Packet\PacketClass.h">
      <Filter>헤더 파일</Filter>
    </ClInclude>
    <ClInclude Include="Net\Packet\PacketAnalyzer.h">
      <Filter>헤더 파일</Filter>
    </ClInclude>
    <ClInclude Include="Net\Packet\PacketFactory.h">
      <Filter>헤더 파일</Filter>
    </ClInclude>
    <ClInclude Include="Net\Packet\Package.h">
      <Filter>헤더 파일</Filter>
    </ClInclude>
    <ClInclude Include="Contents\ContentsProcess.h">
      <Filter>헤더 파일</Filter>
    </ClInclude>
    <ClInclude Include="Database\QueryStatement.h">
      <Filter>헤더 파일</Filter>
    </ClInclude>
    <ClInclude Include="Database\QueryRecord.h">
      <Filter>헤더 파일</Filter>
    </ClInclude>
    <ClInclude Include="Database\Query.h">
      <Filter>헤더 파일</Filter>
    </ClInclude>
    <ClInclude Include="Database\Database.h">
      <Filter>헤더 파일</Filter>
    </ClInclude>
    <ClInclude Include="Database\ADODatabase.h">
      <Filter>헤더 파일</Filter>
    </ClInclude>
  </ItemGroup>
  <ItemGroup>
    <None Include="Util\config.app" />
    <None Include="item.csv" />
  </ItemGroup>
  <ItemGroup>
    <Xml Include="Util\config.xml" />
  </ItemGroup>
</Project>